	<Project xmlns="http://schemas.microsoft.com/developer/msbuild/2003">
		<PropertyGroup>
			<ProjectGuid>{BBFCAF54-D0A4-414E-84E0-582D937B7A42}</ProjectGuid>
			<MainSource>Smeta.dpr</MainSource>
			<ProjectVersion>12.2</ProjectVersion>
			<Base>True</Base>
			<Config Condition="'$(Config)'==''">Debug</Config>
			<Platform>Win32</Platform>
			<AppType>Application</AppType>
			<FrameworkType>VCL</FrameworkType>
			<DCC_DCCCompiler>DCC32</DCC_DCCCompiler>
		</PropertyGroup>
		<PropertyGroup Condition="'$(Config)'=='Base' or '$(Base)'!=''">
			<Base>true</Base>
		</PropertyGroup>
		<PropertyGroup Condition="'$(Config)'=='Debug' or '$(Cfg_1)'!=''">
			<Cfg_1>true</Cfg_1>
			<CfgParent>Base</CfgParent>
			<Base>true</Base>
		</PropertyGroup>
		<PropertyGroup Condition="'$(Config)'=='Release' or '$(Cfg_2)'!=''">
			<Cfg_2>true</Cfg_2>
			<CfgParent>Base</CfgParent>
			<Base>true</Base>
		</PropertyGroup>
		<PropertyGroup Condition="'$(Base)'!=''">
			<DCC_UsePackage>vclx;vcl;vclimg;dbrtl;Rave90VCL;bdertl;rtl;vclactnband;xmlrtl;VclSmp;svnui;svn;TeeUI;TeeDB;Tee;vcldb;vcldbx;vcltouch;dsnap;dsnapcon;vclib;ibxpress;adortl;IndyCore;IndySystem;IndyProtocols;vclie;inet;inetdb;webdsnap;websnap;inetdbbde;inetdbxpress;vclribbon;dbexpress;DbxCommonDriver;DataSnapIndy10ServerTransport;DataSnapProviderClient;DbxClientDriver;DataSnapClient;dbxcds;DataSnapServer;AzureCloud;DBXInterBaseDriver;DBXMySQLDriver;DBXFirebirdDriver;DBXSybaseASEDriver;DBXSybaseASADriver;DBXOracleDriver;DBXMSSQLDriver;DBXInformixDriver;DBXDb2Driver;HotKeyManager_D6plus;VirtualTreesR</DCC_UsePackage>
			<DCC_ImageBase>00400000</DCC_ImageBase>
			<DCC_DcuOutput>.\$(Config)\$(Platform)</DCC_DcuOutput>
			<DCC_UnitAlias>WinTypes=Windows;WinProcs=Windows;DbiTypes=BDE;DbiProcs=BDE;$(DCC_UnitAlias)</DCC_UnitAlias>
			<DCC_ExeOutput>.\$(Config)\$(Platform)</DCC_ExeOutput>
			<DCC_E>false</DCC_E>
			<DCC_N>false</DCC_N>
			<DCC_S>false</DCC_S>
			<DCC_F>false</DCC_F>
			<DCC_K>false</DCC_K>
		</PropertyGroup>
		<PropertyGroup Condition="'$(Cfg_1)'!=''">
			<DCC_Define>DEBUG;$(DCC_Define)</DCC_Define>
			<DCC_Optimize>false</DCC_Optimize>
			<DCC_GenerateStackFrames>true</DCC_GenerateStackFrames>
		</PropertyGroup>
		<PropertyGroup Condition="'$(Cfg_2)'!=''">
			<DCC_LocalDebugSymbols>false</DCC_LocalDebugSymbols>
			<DCC_Define>RELEASE;$(DCC_Define)</DCC_Define>
			<DCC_SymbolReferenceInfo>0</DCC_SymbolReferenceInfo>
			<DCC_DebugInformation>false</DCC_DebugInformation>
		</PropertyGroup>
		<ItemGroup>
			<DelphiCompile Include="Smeta.dpr">
				<MainSource>MainSource</MainSource>
			</DelphiCompile>
			<DCCReference Include="Main.pas">
				<Form>FormMain</Form>
			</DCCReference>
			<DCCReference Include="TariffsSalary.pas">
				<Form>FormTariffsSalary</Form>
			</DCCReference>
			<DCCReference Include="TariffsMechanism.pas">
				<Form>FormTariffsMechanism</Form>
			</DCCReference>
			<DCCReference Include="TariffsDump.pas">
				<Form>FormTariffsDump</Form>
			</DCCReference>
			<DCCReference Include="TariffsIndex.pas">
				<Form>FormTariffsIndex</Form>
			</DCCReference>
			<DCCReference Include="About.pas">
				<Form>FormAbout</Form>
			</DCCReference>
			<DCCReference Include="CalculationEstimate.pas">
				<Form>FormCalculationEstimate</Form>
			</DCCReference>
			<DCCReference Include="ConnectDatabase.pas">
				<Form>FormConnectDatabase</Form>
			</DCCReference>
			<DCCReference Include="DataModule.pas">
				<Form>DM</Form>
				<DesignClass>TDataModule</DesignClass>
			</DCCReference>
			<DCCReference Include="CardObject.pas">
				<Form>FormCardObject</Form>
			</DCCReference>
			<DCCReference Include="ProgramSettings.pas">
				<Form>FormProgramSettings</Form>
			</DCCReference>
			<DCCReference Include="Login.pas">
				<Form>FormLogin</Form>
			</DCCReference>
			<DCCReference Include="Waiting.pas">
				<Form>FormWaiting</Form>
			</DCCReference>
			<DCCReference Include="KC6.pas">
				<Form>FormKC6</Form>
			</DCCReference>
			<DCCReference Include="ActC6.pas">
				<Form>FormActC6</Form>
			</DCCReference>
			<DCCReference Include="WorkSchedule.pas">
				<Form>FormWorkSchedule</Form>
			</DCCReference>
			<DCCReference Include="HelpC3.pas">
				<Form>FormHelpC3</Form>
			</DCCReference>
			<DCCReference Include="Requisites.pas">
				<Form>FormRequisites</Form>
			</DCCReference>
			<DCCReference Include="HelpC5.pas">
				<Form>FormHelpC5</Form>
			</DCCReference>
			<DCCReference Include="CatalogSSR.pas">
				<Form>FormCatalogSSR</Form>
			</DCCReference>
			<DCCReference Include="OXRandOPR.pas">
				<Form>FormOXRandOPR</Form>
			</DCCReference>
			<DCCReference Include="WinterPrice.pas">
				<Form>FormWinterPrice</Form>
			</DCCReference>
			<DCCReference Include="Columns.pas">
				<Form>FormColumns</Form>
			</DCCReference>
			<DCCReference Include="SignatureSSR.pas">
				<Form>FormSignatureSSR</Form>
			</DCCReference>
			<DCCReference Include="SummaryCalculationSettings.pas">
				<Form>FormSummaryCalculationSettings</Form>
			</DCCReference>
			<DCCReference Include="DataTransfer.pas">
				<Form>FormDataTransfer</Form>
			</DCCReference>
			<DCCReference Include="CalculationSettings.pas">
				<Form>FormCalculationSettings</Form>
			</DCCReference>
			<DCCReference Include="Coefficients.pas">
				<Form>FormCoefficients</Form>
			</DCCReference>
			<DCCReference Include="BasicData.pas">
				<Form>FormBasicData</Form>
			</DCCReference>
			<DCCReference Include="CardEstimate.pas">
				<Form>FormCardEstimate</Form>
			</DCCReference>
			<DCCReference Include="ObjectsAndEstimates.pas">
				<Form>FormObjectsAndEstimates</Form>
			</DCCReference>
			<DCCReference Include="PercentClientContractor.pas">
				<Form>FormPercentClientContractor</Form>
			</DCCReference>
			<DCCReference Include="Transportation.pas">
				<Form>FormTransportation</Form>
			</DCCReference>
			<DCCReference Include="CalculationDump.pas">
				<Form>FormCalculationDump</Form>
			</DCCReference>
			<DCCReference Include="SaveEstimate.pas">
				<Form>FormSaveEstimate</Form>
			</DCCReference>
			<DCCReference Include="OwnData.pas">
				<Form>FormOwnData</Form>
			</DCCReference>
			<DCCReference Include="fFrameProgressBar.pas">
				<Form>FrameProgressBar</Form>
				<DesignClass>TFrame</DesignClass>
			</DCCReference>
			<DCCReference Include="DrawingTables.pas"/>
			<DCCReference Include="fFrameStatusBar.pas">
				<Form>FrameStatusBar</Form>
				<DesignClass>TFrame</DesignClass>
			</DCCReference>
			<DCCReference Include="fFrameEquipments.pas">
				<Form>FrameEquipment</Form>
				<DesignClass>TFrame</DesignClass>
			</DCCReference>
			<DCCReference Include="fFrameOXROPR.pas">
				<Form>FrameOXROPR</Form>
				<DesignClass>TFrame</DesignClass>
			</DCCReference>
			<DCCReference Include="fFramePriceMaterials.pas">
				<Form>FramePriceMaterial</Form>
				<DesignClass>TFrame</DesignClass>
			</DCCReference>
			<DCCReference Include="fFramePriceMechanizms.pas">
				<Form>FramePriceMechanizm</Form>
				<DesignClass>TFrame</DesignClass>
			</DCCReference>
			<DCCReference Include="fFramePriceDumps.pas">
				<Form>FramePriceDumps</Form>
				<DesignClass>TFrame</DesignClass>
			</DCCReference>
			<DCCReference Include="fFramePriceTransportations.pas">
				<Form>FramePriceTransportations</Form>
				<DesignClass>TFrame</DesignClass>
			</DCCReference>
			<DCCReference Include="fFrameWinterPrice.pas">
				<Form>FrameWinterPrice</Form>
				<DesignClass>TFrame</DesignClass>
			</DCCReference>
			<DCCReference Include="fFrameRates.pas">
				<Form>FrameRates</Form>
				<DesignClass>TFrame</DesignClass>
			</DCCReference>
			<DCCReference Include="fFrameSSR.pas">
				<Form>FrameSSR</Form>
				<DesignClass>TFrame</DesignClass>
			</DCCReference>
			<DCCReference Include="TariffsTransportanion.pas">
				<Form>FormTariffsTransportation</Form>
			</DCCReference>
			<DCCReference Include="ReplacementMaterial.pas">
				<Form>FormReplacementMaterial</Form>
			</DCCReference>
			<DCCReference Include="ReferenceData.pas">
				<Form>FormReferenceData</Form>
			</DCCReference>
			<DCCReference Include="PricesOwnData.pas">
				<Form>FormPricesOwnData</Form>
			</DCCReference>
			<DCCReference Include="PricesReferenceData.pas">
				<Form>FormPricesReferenceData</Form>
			</DCCReference>
			<DCCReference Include="AdditionData.pas">
				<Form>FormAdditionData</Form>
			</DCCReference>
			<DCCReference Include="Materials.pas">
				<Form>FormMaterials</Form>
			</DCCReference>
			<DCCReference Include="CardMaterial.pas">
				<Form>FormCardMaterial</Form>
			</DCCReference>
			<DCCReference Include="CardDataEstimate.pas">
				<Form>FormCardDataEstimate</Form>
			</DCCReference>
			<DCCReference Include="ListCollections.pas">
				<Form>FormListCollections</Form>
			</DCCReference>
			<DCCReference Include="CardOrganization.pas">
				<Form>FormCardOrganization</Form>
			</DCCReference>
			<DCCReference Include="fTypesActs.pas">
				<Form>FrameTypesActs</Form>
				<DesignClass>TFrame</DesignClass>
			</DCCReference>
			<DCCReference Include="fIndexesChangeCost.pas">
				<Form>FrameIndexesChangeCost</Form>
				<DesignClass>TFrame</DesignClass>
			</DCCReference>
			<DCCReference Include="fCategoriesObjects.pas">
				<Form>FrameCategoriesObjects</Form>
				<DesignClass>TFrame</DesignClass>
			</DCCReference>
			<DCCReference Include="PartsEstimates.pas">
				<Form>FormPartsEstimates</Form>
			</DCCReference>
			<DCCReference Include="fPartsEstimates.pas">
				<Form>FramePartsEstimates</Form>
				<DesignClass>TFrame</DesignClass>
			</DCCReference>
			<DCCReference Include="fSectionsEstimates.pas">
				<Form>FrameSectionsEstimates</Form>
				<DesignClass>TFrame</DesignClass>
			</DCCReference>
			<DCCReference Include="fTypesWorks.pas">
				<Form>FrameTypesWorks</Form>
				<DesignClass>TFrame</DesignClass>
			</DCCReference>
			<DCCReference Include="SetCoefficients.pas">
				<Form>FormSetCoefficients</Form>
			</DCCReference>
			<DCCReference Include="fCoefficientsRates.pas">
				<Form>FrameCoefficientsRates</Form>
				<DesignClass>TFrame</DesignClass>
			</DCCReference>
			<DCCReference Include="Organizations.pas">
				<Form>FormOrganizations</Form>
			</DCCReference>
			<DCCReference Include="fOrganizations.pas">
				<Form>FrameOrganizations</Form>
				<DesignClass>TFrame</DesignClass>
			</DCCReference>
			<DCCReference Include="SectionsEstimates.pas">
				<Form>FormSectionsEstimates</Form>
			</DCCReference>
			<DCCReference Include="TypesWorks.pas">
				<Form>FormTypesWorks</Form>
			</DCCReference>
			<DCCReference Include="TypesActs.pas">
				<Form>FormTypesActs</Form>
			</DCCReference>
			<DCCReference Include="IndexesChangeCost.pas">
				<Form>FormIndexesChangeCost</Form>
			</DCCReference>
			<DCCReference Include="CategoriesObjects.pas">
				<Form>FormCategoriesObjects</Form>
			</DCCReference>
			<DCCReference Include="CardCoefficients.pas">
				<Form>FormCardCoefficients</Form>
			</DCCReference>
			<DCCReference Include="CardTypesActs.pas">
				<Form>FormCardTypesActs</Form>
			</DCCReference>
			<DCCReference Include="CardIndexesChangeCost.pas">
				<Form>FormCardIndexesChangeCost</Form>
			</DCCReference>
			<DCCReference Include="CardCategoriesObjects.pas">
				<Form>FormCardCategoriesObjects</Form>
			</DCCReference>
			<DCCReference Include="CardPartsEstimates.pas">
				<Form>FormCardPartsEstimates</Form>
			</DCCReference>
			<DCCReference Include="CardSectionsEstimates.pas">
				<Form>FormCardSectionsEstimates</Form>
			</DCCReference>
			<DCCReference Include="CardTypesWorks.pas">
				<Form>FormCardTypesWorks</Form>
			</DCCReference>
			<DCCReference Include="CoefficientOrders.pas">
				<Form>FormCoefficientOrders</Form>
			</DCCReference>
			<DCCReference Include="CardAct.pas">
				<Form>FormCardAct</Form>
			</DCCReference>
			<BuildConfiguration Include="Release">
				<Key>Cfg_2</Key>
				<CfgParent>Base</CfgParent>
			</BuildConfiguration>
			<BuildConfiguration Include="Base">
				<Key>Base</Key>
			</BuildConfiguration>
			<BuildConfiguration Include="Debug">
				<Key>Cfg_1</Key>
				<CfgParent>Base</CfgParent>
			</BuildConfiguration>
		</ItemGroup>
		<Import Condition="Exists('$(BDS)\Bin\CodeGear.Delphi.Targets')" Project="$(BDS)\Bin\CodeGear.Delphi.Targets"/>
		<Import Condition="Exists('$(APPDATA)\Embarcadero\$(BDSAPPDATABASEDIR)\8.0\UserTools.proj')" Project="$(APPDATA)\Embarcadero\$(BDSAPPDATABASEDIR)\8.0\UserTools.proj"/>
		<ProjectExtensions>
			<Borland.Personality>Delphi.Personality.12</Borland.Personality>
			<Borland.ProjectType/>
			<BorlandProject>
				<Delphi.Personality>
					<VersionInfo>
						<VersionInfo Name="IncludeVerInfo">True</VersionInfo>
						<VersionInfo Name="AutoIncBuild">True</VersionInfo>
						<VersionInfo Name="MajorVer">1</VersionInfo>
						<VersionInfo Name="MinorVer">0</VersionInfo>
						<VersionInfo Name="Release">0</VersionInfo>
						<VersionInfo Name="Build">6450</VersionInfo>
						<VersionInfo Name="Debug">True</VersionInfo>
						<VersionInfo Name="PreRelease">False</VersionInfo>
						<VersionInfo Name="Special">False</VersionInfo>
						<VersionInfo Name="Private">False</VersionInfo>
						<VersionInfo Name="DLL">False</VersionInfo>
						<VersionInfo Name="Locale">1049</VersionInfo>
						<VersionInfo Name="CodePage">1251</VersionInfo>
					</VersionInfo>
					<VersionInfoKeys>
						<VersionInfoKeys Name="CompanyName">Янович Игорь</VersionInfoKeys>
						<VersionInfoKeys Name="FileDescription">Расчёт сметы</VersionInfoKeys>
						<VersionInfoKeys Name="FileVersion">1.0.0.6450</VersionInfoKeys>
						<VersionInfoKeys Name="InternalName">Estimate</VersionInfoKeys>
						<VersionInfoKeys Name="LegalCopyright">© 2013 Янович Игорь</VersionInfoKeys>
						<VersionInfoKeys Name="LegalTrademarks"/>
						<VersionInfoKeys Name="OriginalFilename">Smeta.exe</VersionInfoKeys>
						<VersionInfoKeys Name="ProductName">Смета</VersionInfoKeys>
						<VersionInfoKeys Name="ProductVersion">1.0</VersionInfoKeys>
						<VersionInfoKeys Name="Comments">Программа для расчёта сметы</VersionInfoKeys>
					</VersionInfoKeys>
					<Source>
						<Source Name="MainSource">Smeta.dpr</Source>
					</Source>
					<Excluded_Packages>
						<Excluded_Packages Name="C:\Documents and Settings\All Users\Документы\RAD Studio\8.0\Bpl\dcldxCoreRS15.bpl">ExpressCoreLibrary by Developer Express Inc.</Excluded_Packages>
						<Excluded_Packages Name="C:\Documents and Settings\All Users\Документы\RAD Studio\8.0\Bpl\dclcxLibraryRS15.bpl">Express Cross Platform Library by Developer Express Inc.</Excluded_Packages>
						<Excluded_Packages Name="C:\Program Files\DevExpress VCL\Library\RS15\dclcxEditorsRS15.bpl">ExpressEditors Library 5 by Developer Express Inc.</Excluded_Packages>
						<Excluded_Packages Name="C:\Program Files\DevExpress VCL\Library\RS15\dclcxExtEditorsRS15.bpl">ExpressExtendedEditors Library 5 by Developer Express Inc.</Excluded_Packages>
						<Excluded_Packages Name="C:\Program Files\DevExpress VCL\Library\RS15\dcldxBarRS15.bpl">ExpressBars by Developer Express Inc.</Excluded_Packages>
						<Excluded_Packages Name="C:\Program Files\DevExpress VCL\Library\RS15\dclcxPageControlRS15.bpl">Express Cross Platform PageControl by Developer Express Inc.</Excluded_Packages>
						<Excluded_Packages Name="C:\Program Files\DevExpress VCL\Library\RS15\dcldxOrgCRS15.bpl">ExpressOrgChart by Developer Express Inc.</Excluded_Packages>
						<Excluded_Packages Name="C:\Program Files\DevExpress VCL\Library\RS15\dclcxPivotGridRS15.bpl">ExpressPivotGrid 2 (VCL Edition) by Developer Express Inc.</Excluded_Packages>
						<Excluded_Packages Name="C:\Program Files\DevExpress VCL\Library\RS15\dclcxSchedulerRS15.bpl">ExpressScheduler 3 by Developer Express Inc.</Excluded_Packages>
						<Excluded_Packages Name="C:\Program Files\DevExpress VCL\Library\RS15\dcldxSkinsCoreRS15.bpl">ExpressSkins Library by Developer Express Inc.</Excluded_Packages>
						<Excluded_Packages Name="C:\Program Files\DevExpress VCL\Library\RS15\dcldxSkinsDesignHelperRS15.bpl">ExpressSkins Library Uses Clause Auto Fill Helper by Developer Express Inc.</Excluded_Packages>
						<Excluded_Packages Name="C:\Documents and Settings\All Users\Документы\RAD Studio\8.0\Bpl\dxSkinscxPCPainterRS15.bpl">ExpressSkins Library Painter for PageControl by Developer Express Inc.</Excluded_Packages>
						<Excluded_Packages Name="C:\Documents and Settings\All Users\Документы\RAD Studio\8.0\Bpl\dxSkinscxScheduler3PainterRS15.bpl">ExpressSkins Library Painter for Scheduler 3 by Developer Express Inc.</Excluded_Packages>
						<Excluded_Packages Name="C:\Documents and Settings\All Users\Документы\RAD Studio\8.0\Bpl\dxSkinsdxDLPainterRS15.bpl">ExpressSkins Library Painter for Docking Library by Developer Express Inc.</Excluded_Packages>
						<Excluded_Packages Name="C:\Documents and Settings\All Users\Документы\RAD Studio\8.0\Bpl\dxSkinsdxBarPainterRS15.bpl">ExpressSkins Library Painter for Bars by Developer Express Inc.</Excluded_Packages>
						<Excluded_Packages Name="C:\Documents and Settings\All Users\Документы\RAD Studio\8.0\Bpl\dxSkinsdxNavBar2PainterRS15.bpl">ExpressSkins Library Painter for NavBar 2 by Developer Express Inc.</Excluded_Packages>
						<Excluded_Packages Name="C:\Program Files\DevExpress VCL\Library\RS15\dcldxPSCoreRS15.bpl">ExpressPrinting System 4 by Developer Express Inc.</Excluded_Packages>
						<Excluded_Packages Name="C:\Program Files\DevExpress VCL\Library\RS15\dcldxPSTeeChartRS15.bpl">ExpressPrinting System 4 ReportLink for TeeChart by Developer Express Inc.</Excluded_Packages>
						<Excluded_Packages Name="C:\Program Files\DevExpress VCL\Library\RS15\dcldxtrmdRS15.bpl">ExpressTreePrintedDataSet by Developer Express Inc.</Excluded_Packages>
						<Excluded_Packages Name="C:\Program Files\DevExpress VCL\Library\RS15\dxSkinsdxRibbonPainterRS15.bpl">ExpressSkins Library Painter for Ribbon by Developer Express Inc.</Excluded_Packages>
						<Excluded_Packages Name="C:\Program Files\DevExpress VCL\Library\RS15\dxSkinXmas2008BlueRS15.bpl">ExpressSkins - Xmas2008Blue Skin by Developer Express Inc.</Excluded_Packages>
						<Excluded_Packages Name="C:\Program Files\DevExpress VCL\Library\RS15\dxSkinBlackRS15.bpl">ExpressSkins - Black Skin by Developer Express Inc.</Excluded_Packages>
						<Excluded_Packages Name="C:\Program Files\DevExpress VCL\Library\RS15\dxSkinBlueRS15.bpl">ExpressSkins - Blue Skin by Developer Express Inc.</Excluded_Packages>
						<Excluded_Packages Name="C:\Program Files\DevExpress VCL\Library\RS15\dxSkinCaramelRS15.bpl">ExpressSkins - Caramel Skin by Developer Express Inc.</Excluded_Packages>
						<Excluded_Packages Name="C:\Program Files\DevExpress VCL\Library\RS15\dxSkinCoffeeRS15.bpl">ExpressSkins - Coffee Skin by Developer Express Inc.</Excluded_Packages>
						<Excluded_Packages Name="C:\Program Files\DevExpress VCL\Library\RS15\dxSkinDarkRoomRS15.bpl">ExpressSkins - DarkRoom Skin by Developer Express Inc.</Excluded_Packages>
						<Excluded_Packages Name="C:\Program Files\DevExpress VCL\Library\RS15\dxSkinDarkSideRS15.bpl">ExpressSkins - DarkSide Skin by Developer Express Inc.</Excluded_Packages>
						<Excluded_Packages Name="C:\Program Files\DevExpress VCL\Library\RS15\dxSkinFoggyRS15.bpl">ExpressSkins - Foggy Skin by Developer Express Inc.</Excluded_Packages>
						<Excluded_Packages Name="C:\Program Files\DevExpress VCL\Library\RS15\dxSkinGlassOceansRS15.bpl">ExpressSkins - GlassOceans Skin by Developer Express Inc.</Excluded_Packages>
						<Excluded_Packages Name="C:\Program Files\DevExpress VCL\Library\RS15\dxSkiniMaginaryRS15.bpl">ExpressSkins - iMaginary Skin by Developer Express Inc.</Excluded_Packages>
						<Excluded_Packages Name="C:\Program Files\DevExpress VCL\Library\RS15\dxSkinLilianRS15.bpl">ExpressSkins - Lilian Skin by Developer Express Inc.</Excluded_Packages>
						<Excluded_Packages Name="C:\Program Files\DevExpress VCL\Library\RS15\dxSkinLiquidSkyRS15.bpl">ExpressSkins - LiquidSky Skin by Developer Express Inc.</Excluded_Packages>
						<Excluded_Packages Name="C:\Program Files\DevExpress VCL\Library\RS15\dxSkinLondonLiquidSkyRS15.bpl">ExpressSkins - LondonLiquidSky Skin by Developer Express Inc.</Excluded_Packages>
						<Excluded_Packages Name="C:\Program Files\DevExpress VCL\Library\RS15\dxSkinMcSkinRS15.bpl">ExpressSkins - McSkin Skin by Developer Express Inc.</Excluded_Packages>
						<Excluded_Packages Name="C:\Program Files\DevExpress VCL\Library\RS15\dxSkinMoneyTwinsRS15.bpl">ExpressSkins - MoneyTwins Skin by Developer Express Inc.</Excluded_Packages>
						<Excluded_Packages Name="C:\Program Files\DevExpress VCL\Library\RS15\dxSkinOffice2007BlackRS15.bpl">ExpressSkins - Office2007Black Skin by Developer Express Inc.</Excluded_Packages>
						<Excluded_Packages Name="C:\Program Files\DevExpress VCL\Library\RS15\dxSkinOffice2007BlueRS15.bpl">ExpressSkins - Office2007Blue Skin by Developer Express Inc.</Excluded_Packages>
						<Excluded_Packages Name="C:\Program Files\DevExpress VCL\Library\RS15\dxSkinOffice2007GreenRS15.bpl">ExpressSkins - Office2007Green Skin by Developer Express Inc.</Excluded_Packages>
						<Excluded_Packages Name="C:\Program Files\DevExpress VCL\Library\RS15\dxSkinOffice2007PinkRS15.bpl">ExpressSkins - Office2007Pink Skin by Developer Express Inc.</Excluded_Packages>
						<Excluded_Packages Name="C:\Program Files\DevExpress VCL\Library\RS15\dxSkinOffice2007SilverRS15.bpl">ExpressSkins - Office2007Silver Skin by Developer Express Inc.</Excluded_Packages>
						<Excluded_Packages Name="C:\Program Files\DevExpress VCL\Library\RS15\dxSkinOffice2010BlackRS15.bpl">ExpressSkins - Office2010Black Skin by Developer Express Inc.</Excluded_Packages>
						<Excluded_Packages Name="C:\Program Files\DevExpress VCL\Library\RS15\dxSkinOffice2010BlueRS15.bpl">ExpressSkins - Office2010Blue Skin by Developer Express Inc.</Excluded_Packages>
						<Excluded_Packages Name="C:\Program Files\DevExpress VCL\Library\RS15\dxSkinOffice2010SilverRS15.bpl">ExpressSkins - Office2010Silver Skin by Developer Express Inc.</Excluded_Packages>
						<Excluded_Packages Name="C:\Program Files\DevExpress VCL\Library\RS15\dxSkinPumpkinRS15.bpl">ExpressSkins - Pumpkin Skin by Developer Express Inc.</Excluded_Packages>
						<Excluded_Packages Name="C:\Program Files\DevExpress VCL\Library\RS15\dxSkinSevenRS15.bpl">ExpressSkins - Seven Skin by Developer Express Inc.</Excluded_Packages>
						<Excluded_Packages Name="C:\Program Files\DevExpress VCL\Library\RS15\dxSkinSharpRS15.bpl">ExpressSkins - Sharp Skin by Developer Express Inc.</Excluded_Packages>
						<Excluded_Packages Name="C:\Program Files\DevExpress VCL\Library\RS15\dxSkinSilverRS15.bpl">ExpressSkins - Silver Skin by Developer Express Inc.</Excluded_Packages>
						<Excluded_Packages Name="C:\Program Files\DevExpress VCL\Library\RS15\dxSkinSpringTimeRS15.bpl">ExpressSkins - Springtime Skin by Developer Express Inc.</Excluded_Packages>
						<Excluded_Packages Name="C:\Program Files\DevExpress VCL\Library\RS15\dxSkinStardustRS15.bpl">ExpressSkins - Stardust Skin by Developer Express Inc.</Excluded_Packages>
						<Excluded_Packages Name="C:\Program Files\DevExpress VCL\Library\RS15\dxSkinSummer2008RS15.bpl">ExpressSkins - Summer2008 Skin by Developer Express Inc.</Excluded_Packages>
						<Excluded_Packages Name="C:\Program Files\DevExpress VCL\Library\RS15\dxSkinValentineRS15.bpl">ExpressSkins - Valentine Skin by Developer Express Inc.</Excluded_Packages>
						<Excluded_Packages Name="C:\Program Files\DevExpress VCL\Library\RS15\dcldxLayoutControlRS15.bpl">ExpressLayout Control 2 by Developer Express Inc.</Excluded_Packages>
						<Excluded_Packages Name="C:\Program Files\DevExpress VCL\Library\RS15\dcldxBarDBNavRS15.bpl">ExpressBars DBNavigator by Developer Express Inc.</Excluded_Packages>
						<Excluded_Packages Name="C:\Program Files\DevExpress VCL\Library\RS15\dcldxBarExtDBItemsRS15.bpl">ExpressBars extended DB items by Developer Express Inc.</Excluded_Packages>
						<Excluded_Packages Name="C:\Program Files\DevExpress VCL\Library\RS15\dcldxBarExtItemsRS15.bpl">ExpressBars extended items by Developer Express Inc.</Excluded_Packages>
						<Excluded_Packages Name="C:\Program Files\DevExpress VCL\Library\RS15\dcldxRibbonRS15.bpl">ExpressBars Ribbon controls by Developer Express Inc.</Excluded_Packages>
						<Excluded_Packages Name="C:\Program Files\DevExpress VCL\Library\RS15\dclcxBarEditItemRS15.bpl">ExpressBars cxEditor item by Developer Express Inc.</Excluded_Packages>
						<Excluded_Packages Name="C:\Program Files\DevExpress VCL\Library\RS15\dcldxdbtrRS15.bpl">ExpressDBTree by Developer Express Inc.</Excluded_Packages>
						<Excluded_Packages Name="C:\Program Files\DevExpress VCL\Library\RS15\dcldxDockingRS15.bpl">ExpressDocking Library by Developer Express Inc.</Excluded_Packages>
						<Excluded_Packages Name="C:\Program Files\DevExpress VCL\Library\RS15\dcldxFlowChartRS15.bpl">ExpressFlowChart by Developer Express Inc.</Excluded_Packages>
						<Excluded_Packages Name="C:\Program Files\DevExpress VCL\Library\RS15\dcldxDBOrRS15.bpl">ExpressDBOrgChart by Developer Express Inc.</Excluded_Packages>
						<Excluded_Packages Name="C:\Program Files\DevExpress VCL\Library\RS15\dclcxPivotGridChartRS15.bpl">ExpressPivotGrid 2 connection to ExpressQuantumGrid Chart View by Developer Express Inc.</Excluded_Packages>
						<Excluded_Packages Name="C:\Program Files\DevExpress VCL\Library\RS15\dclcxPivotGridOLAPRS15.bpl">ExpressPivotGrid 2 OLAP by Developer Express Inc.</Excluded_Packages>
						<Excluded_Packages Name="C:\Program Files\DevExpress VCL\Library\RS15\dclcxTreeListRS15.bpl">ExpressQuantumTreeList 5 by Developer Express Inc.</Excluded_Packages>
						<Excluded_Packages Name="C:\Program Files\DevExpress VCL\Library\RS15\dclcxTreeListdxBarPopupMenuRS15.bpl">ExpressQuantumTreeList 5 dxBar Built-In Menu by Developer Express Inc.</Excluded_Packages>
						<Excluded_Packages Name="C:\Program Files\DevExpress VCL\Library\RS15\dclcxSchedulerGridRS15.bpl">ExpressScheduler 3 connection to ExpressQuantumGrid by Developer Express Inc.</Excluded_Packages>
						<Excluded_Packages Name="C:\Program Files\DevExpress VCL\Library\RS15\dcldxSBRS15.bpl">ExpressSideBar by Developer Express Inc.</Excluded_Packages>
						<Excluded_Packages Name="C:\Program Files\DevExpress VCL\Library\RS15\dcldxSkinscxPCPainterRS15.bpl">ExpressSkins Library Uses Clause Auto Fill Helper for PageControl Painter by Developer Express Inc.</Excluded_Packages>
						<Excluded_Packages Name="C:\Program Files\DevExpress VCL\Library\RS15\dcldxSkinscxScheduler3PainterRS15.bpl">ExpressSkins Library Uses Clause Auto Fill Helper for Scheduler 3 Painter by Developer Express Inc.</Excluded_Packages>
						<Excluded_Packages Name="C:\Program Files\DevExpress VCL\Library\RS15\dcldxSkinsdxBarsPaintersRS15.bpl">ExpressSkins Library Uses Clause Auto Fill Helper for Bars Painters by Developer Express Inc.</Excluded_Packages>
						<Excluded_Packages Name="C:\Program Files\DevExpress VCL\Library\RS15\dcldxSkinsdxNavBar2PainterRS15.bpl">ExpressSkins Library Uses Clause Auto Fill Helper for NavBar 2 Painter by Developer Express Inc.</Excluded_Packages>
						<Excluded_Packages Name="C:\Program Files\DevExpress VCL\Library\RS15\dcldxSpellCheckerRS15.bpl">ExpressSpellChecker 2 by Developer Express Inc.</Excluded_Packages>
						<Excluded_Packages Name="C:\Program Files\DevExpress VCL\Library\RS15\dclcxSpreadSheetRS15.bpl">ExpressSpreadSheet by Developer Express Inc.</Excluded_Packages>
						<Excluded_Packages Name="C:\Program Files\DevExpress VCL\Library\RS15\dclcxVerticalGridRS15.bpl">ExpressVerticalGrid by Developer Express Inc.</Excluded_Packages>
						<Excluded_Packages Name="C:\Program Files\DevExpress VCL\Library\RS15\dcldxPSLnksRS15.bpl">ExpressPrinting System 4 ReportLinks (Standard) by Developer Express Inc.</Excluded_Packages>
						<Excluded_Packages Name="C:\Program Files\DevExpress VCL\Library\RS15\dcldxPScxCommonRS15.bpl">ExpressPrinting System 4 Cross Platform Library by Developer Express Inc.</Excluded_Packages>
						<Excluded_Packages Name="C:\Program Files\DevExpress VCL\Library\RS15\dcldxPScxExtCommonRS15.bpl">ExpressPrinting System 4 Extended Cross Platform Library by Developer Express Inc.</Excluded_Packages>
						<Excluded_Packages Name="C:\Program Files\DevExpress VCL\Library\RS15\dcldxPScxGrid6LnkRS15.bpl">ExpressPrinting System 4 ReportLink for ExpressQuantumGrid 6 by Developer Express Inc.</Excluded_Packages>
						<Excluded_Packages Name="C:\Program Files\DevExpress VCL\Library\RS15\dcldxPScxPivotGrid2LnkRS15.bpl">ExpressPrinting System 4 ReportLink for ExpressPivotGrid 2 by Developer Express Inc.</Excluded_Packages>
						<Excluded_Packages Name="C:\Program Files\DevExpress VCL\Library\RS15\dcldxPScxScheduler3LnkRS15.bpl">ExpressPrinting System 4 ReportLink for ExpressScheduler 3 by Developer Express Inc.</Excluded_Packages>
						<Excluded_Packages Name="C:\Program Files\DevExpress VCL\Library\RS15\dcldxPScxSSLnkRS15.bpl">ExpressPrinting System 4 ReportLink for ExpressSpreadSheet by Developer Express Inc.</Excluded_Packages>
						<Excluded_Packages Name="C:\Program Files\DevExpress VCL\Library\RS15\dcldxPScxTL5LnkRS15.bpl">ExpressPrinting System 4 ReportLink for ExpressQuantumTreeList 5 by Developer Express Inc.</Excluded_Packages>
						<Excluded_Packages Name="C:\Program Files\DevExpress VCL\Library\RS15\dcldxPScxVGridLnkRS15.bpl">ExpressPrinting System 4 ReportLink for ExpressVerticalGrid by Developer Express Inc.</Excluded_Packages>
						<Excluded_Packages Name="C:\Program Files\DevExpress VCL\Library\RS15\dcldxPSDBTeeChartRS15.bpl">ExpressPrinting System 4 ReportLink for DBTeeChart by Developer Express Inc.</Excluded_Packages>
						<Excluded_Packages Name="C:\Program Files\DevExpress VCL\Library\RS15\dcldxPSdxOCLnkRS15.bpl">ExpressPrinting System 4 ReportLinks for ExpressOrgChart by Developer Express Inc.</Excluded_Packages>
						<Excluded_Packages Name="C:\Program Files\DevExpress VCL\Library\RS15\dcldxPSdxDBOCLnkRS15.bpl">ExpressPrinting System 4 ReportLinks for ExpressDBOrgChart by Developer Express Inc.</Excluded_Packages>
						<Excluded_Packages Name="C:\Program Files\DevExpress VCL\Library\RS15\dcldxPSdxDBTVLnkRS15.bpl">ExpressPrinting System 4 ReportLink for ExpressDBTree by Developer Express Inc.</Excluded_Packages>
						<Excluded_Packages Name="C:\Program Files\DevExpress VCL\Library\RS15\dcldxPSdxFCLnkRS15.bpl">ExpressPrinting System 4 ReportLinks for ExpressFlowChart by Developer Express Inc.</Excluded_Packages>
						<Excluded_Packages Name="C:\Program Files\DevExpress VCL\Library\RS15\dcldxPSdxLC2LnkRS15.bpl">ExpressPrinting System 4 ReportLink for ExpressLayoutControl 2 by Developer Express Inc.</Excluded_Packages>
						<Excluded_Packages Name="C:\Program Files\DevExpress VCL\Library\RS15\dcldxPSdxSkinsHelperRS15.bpl">ExpressPrinting System 4 Uses Clause Auto Fill Helper for Skin Painters by Developer Express Inc.</Excluded_Packages>
						<Excluded_Packages Name="C:\Program Files\DevExpress VCL\Library\RS15\dxPScxPCProdRS15.bpl">ExpressPrinting System 4 ContainerProducer for ExpressPageControl 2 by Developer Express Inc.</Excluded_Packages>
						<Excluded_Packages Name="C:\Program Files\DevExpress VCL\Library\RS15\dxPSPrVwAdvRS15.bpl">ExpressPrinting System 4 Advanced Preview Window by Developer Express Inc.</Excluded_Packages>
						<Excluded_Packages Name="C:\Program Files\DevExpress VCL\Library\RS15\dxPSPrVwRibbonRS15.bpl">ExpressPrinting System 4 Ribbon Preview Window by Developer Express Inc.</Excluded_Packages>
						<Excluded_Packages Name="C:\Program Files\DevExpress VCL\Library\RS15\dcldxNavBarRS15.bpl">ExpressNavBar 2 by Developer Express Inc.</Excluded_Packages>
						<Excluded_Packages Name="C:\Program Files\DevExpress VCL\Library\RS15\dclcxGridRS15.bpl">ExpressQuantumGrid 6 by Developer Express Inc.</Excluded_Packages>
						<Excluded_Packages Name="$(BDSBIN)\bcboffice2k150.bpl">Embarcadero C++Builder Office 2000 Servers Package</Excluded_Packages>
						<Excluded_Packages Name="$(BDSBIN)\bcbofficexp150.bpl">Embarcadero C++Builder Office XP Servers Package</Excluded_Packages>
						<Excluded_Packages Name="$(BDSBIN)\dcloffice2k150.bpl">Microsoft Office 2000 Sample Automation Server Wrapper Components</Excluded_Packages>
						<Excluded_Packages Name="$(BDSBIN)\dclofficexp150.bpl">Microsoft Office XP Sample Automation Server Wrapper Components</Excluded_Packages>
					</Excluded_Packages>
				</Delphi.Personality>
				<Platforms>
					<Platform value="Win32">True</Platform>
				</Platforms>
				<ModelSupport>False</ModelSupport>
			</BorlandProject>
			<ProjectFileVersion>12</ProjectFileVersion>
		</ProjectExtensions>
	</Project>
